<Solution>
  <Project Path="Assembly-CSharp-firstpass.csproj" />
  <Project Path="Unity.ProGrids.Editor.csproj" />
  <Project Path="Unity.ProGrids.Editor.Tests.csproj" />
  <Project Path="Unity.ProGrids.csproj" />
  <Project Path="Unity.ProGrids.Runtime.Tests.csproj" />
  <Project Path="Assembly-CSharp-Editor-firstpass.csproj" />
  <Project Path="Assembly-CSharp-Editor.csproj" />
  <Project Path="Assembly-CSharp.csproj" />
</Solution>
